
Microsoft Visual Studio Solution File, Format Version 12.00
# Visual Studio Version 16
VisualStudioVersion = 16.0.808.10
MinimumVisualStudioVersion = 10.0.40219.1
Project("{9A19103F-16F7-4668-BE54-9A1E7A4F7556}") = "PersonalStocksAlerter.Api", "PersonalStocksAlerter\PersonalStocksAlerter.Api.csproj", "{B5B933AF-700A-41D3-A397-18E27686DD53}"
EndProject
Project("{9A19103F-16F7-4668-BE54-9A1E7A4F7556}") = "PersonalStocks.Mgr", "PersonalStocks.Mgr\PersonalStocks.Mgr.csproj", "{5AB1F1CB-86C6-41F0-99F3-5BD5C01E09C6}"
EndProject
Project("{9A19103F-16F7-4668-BE54-9A1E7A4F7556}") = "PersonalStocksAlerter.Models", "PersonalStocksAlerter.Models\PersonalStocksAlerter.Models.csproj", "{FB8E5E16-6DD1-47F0-801D-7B0EF5D6E884}"
EndProject
Project("{9A19103F-16F7-4668-BE54-9A1E7A4F7556}") = "TestConsole", "TestConsole\TestConsole.csproj", "{5FC6F5F5-44FD-425D-97AD-D5DCCBFF2929}"
EndProject
Project("{2150E333-8FDC-42A3-9474-1A3956D46DE8}") = "Data", "Data", "{A0693920-320B-4E02-854F-C705E18E7DBB}"
EndProject
Project("{FAE04EC0-301F-11D3-BF4B-00C04F79EFBC}") = "Data.Definitions", "Data.Definitions\Data.Definitions.csproj", "{0A78EF5E-33B9-438D-9FC9-18BDB0AD29D0}"
EndProject
Project("{FAE04EC0-301F-11D3-BF4B-00C04F79EFBC}") = "Data.Persistence", "Persistence\Data.Persistence.csproj", "{28BA00E2-15A7-46A6-820B-B230EFCEF99C}"
EndProject
Global
	GlobalSection(SolutionConfigurationPlatforms) = preSolution
		Debug|Any CPU = Debug|Any CPU
		Release|Any CPU = Release|Any CPU
	EndGlobalSection
	GlobalSection(ProjectConfigurationPlatforms) = postSolution
		{B5B933AF-700A-41D3-A397-18E27686DD53}.Debug|Any CPU.ActiveCfg = Debug|Any CPU
		{B5B933AF-700A-41D3-A397-18E27686DD53}.Debug|Any CPU.Build.0 = Debug|Any CPU
		{B5B933AF-700A-41D3-A397-18E27686DD53}.Release|Any CPU.ActiveCfg = Release|Any CPU
		{B5B933AF-700A-41D3-A397-18E27686DD53}.Release|Any CPU.Build.0 = Release|Any CPU
		{5AB1F1CB-86C6-41F0-99F3-5BD5C01E09C6}.Debug|Any CPU.ActiveCfg = Debug|Any CPU
		{5AB1F1CB-86C6-41F0-99F3-5BD5C01E09C6}.Debug|Any CPU.Build.0 = Debug|Any CPU
		{5AB1F1CB-86C6-41F0-99F3-5BD5C01E09C6}.Release|Any CPU.ActiveCfg = Release|Any CPU
		{5AB1F1CB-86C6-41F0-99F3-5BD5C01E09C6}.Release|Any CPU.Build.0 = Release|Any CPU
		{FB8E5E16-6DD1-47F0-801D-7B0EF5D6E884}.Debug|Any CPU.ActiveCfg = Debug|Any CPU
		{FB8E5E16-6DD1-47F0-801D-7B0EF5D6E884}.Debug|Any CPU.Build.0 = Debug|Any CPU
		{FB8E5E16-6DD1-47F0-801D-7B0EF5D6E884}.Release|Any CPU.ActiveCfg = Release|Any CPU
		{FB8E5E16-6DD1-47F0-801D-7B0EF5D6E884}.Release|Any CPU.Build.0 = Release|Any CPU
		{5FC6F5F5-44FD-425D-97AD-D5DCCBFF2929}.Debug|Any CPU.ActiveCfg = Debug|Any CPU
		{5FC6F5F5-44FD-425D-97AD-D5DCCBFF2929}.Debug|Any CPU.Build.0 = Debug|Any CPU
		{5FC6F5F5-44FD-425D-97AD-D5DCCBFF2929}.Release|Any CPU.ActiveCfg = Release|Any CPU
		{5FC6F5F5-44FD-425D-97AD-D5DCCBFF2929}.Release|Any CPU.Build.0 = Release|Any CPU
		{0A78EF5E-33B9-438D-9FC9-18BDB0AD29D0}.Debug|Any CPU.ActiveCfg = Debug|Any CPU
		{0A78EF5E-33B9-438D-9FC9-18BDB0AD29D0}.Debug|Any CPU.Build.0 = Debug|Any CPU
		{0A78EF5E-33B9-438D-9FC9-18BDB0AD29D0}.Release|Any CPU.ActiveCfg = Release|Any CPU
		{0A78EF5E-33B9-438D-9FC9-18BDB0AD29D0}.Release|Any CPU.Build.0 = Release|Any CPU
		{28BA00E2-15A7-46A6-820B-B230EFCEF99C}.Debug|Any CPU.ActiveCfg = Debug|Any CPU
		{28BA00E2-15A7-46A6-820B-B230EFCEF99C}.Debug|Any CPU.Build.0 = Debug|Any CPU
		{28BA00E2-15A7-46A6-820B-B230EFCEF99C}.Release|Any CPU.ActiveCfg = Release|Any CPU
		{28BA00E2-15A7-46A6-820B-B230EFCEF99C}.Release|Any CPU.Build.0 = Release|Any CPU
	EndGlobalSection
	GlobalSection(SolutionProperties) = preSolution
		HideSolutionNode = FALSE
	EndGlobalSection
	GlobalSection(NestedProjects) = preSolution
		{0A78EF5E-33B9-438D-9FC9-18BDB0AD29D0} = {A0693920-320B-4E02-854F-C705E18E7DBB}
		{28BA00E2-15A7-46A6-820B-B230EFCEF99C} = {A0693920-320B-4E02-854F-C705E18E7DBB}
	EndGlobalSection
	GlobalSection(ExtensibilityGlobals) = postSolution
		SolutionGuid = {546466AF-0F1D-464C-B250-66F666742F66}
	EndGlobalSection
EndGlobal
